
Microsoft Visual Studio Solution File, Format Version 12.00
# Visual Studio Version 17
VisualStudioVersion = 17.13.35931.197
MinimumVisualStudioVersion = 10.0.40219.1
Project("{FAE04EC0-301F-11D3-BF4B-00C04F79EFBC}") = "Web.Api", "Web.Api\Web.Api.csproj", "{9695AF00-3B01-49CC-B5A3-0F56B07A72CC}"
EndProject
Project("{2150E333-8FDC-42A3-9474-1A3956D46DE8}") = "src", "src", "{02EA681E-C7D8-13C7-8484-4AC65E1B71E8}"
EndProject
Project("{FAE04EC0-301F-11D3-BF4B-00C04F79EFBC}") = "Domain", "Domain\Domain.csproj", "{1FDE4A60-C841-4886-ABB1-CA00FBD8AB4C}"
EndProject
Project("{FAE04EC0-301F-11D3-BF4B-00C04F79EFBC}") = "Infrastructure", "Infrastructure\Infrastructure.csproj", "{7793C566-86D9-478E-9184-F7E0F66D946F}"
EndProject
Project("{FAE04EC0-301F-11D3-BF4B-00C04F79EFBC}") = "Application", "Application\Application.csproj", "{DBC30E7C-6D4D-45E4-BB22-CFBEF64CBC53}"
EndProject
Project("{2150E333-8FDC-42A3-9474-1A3956D46DE8}") = "Solution Items", "Solution Items", "{8EC462FD-D22E-90A8-E5CE-7E832BA40C5D}"
	ProjectSection(SolutionItems) = preProject
		.env = .env
	EndProjectSection
EndProject
Global
	GlobalSection(SolutionConfigurationPlatforms) = preSolution
		Debug|Any CPU = Debug|Any CPU
		Release|Any CPU = Release|Any CPU
	EndGlobalSection
	GlobalSection(ProjectConfigurationPlatforms) = postSolution
		{9695AF00-3B01-49CC-B5A3-0F56B07A72CC}.Debug|Any CPU.ActiveCfg = Debug|Any CPU
		{9695AF00-3B01-49CC-B5A3-0F56B07A72CC}.Debug|Any CPU.Build.0 = Debug|Any CPU
		{9695AF00-3B01-49CC-B5A3-0F56B07A72CC}.Release|Any CPU.ActiveCfg = Release|Any CPU
		{9695AF00-3B01-49CC-B5A3-0F56B07A72CC}.Release|Any CPU.Build.0 = Release|Any CPU
		{1FDE4A60-C841-4886-ABB1-CA00FBD8AB4C}.Debug|Any CPU.ActiveCfg = Debug|Any CPU
		{1FDE4A60-C841-4886-ABB1-CA00FBD8AB4C}.Debug|Any CPU.Build.0 = Debug|Any CPU
		{1FDE4A60-C841-4886-ABB1-CA00FBD8AB4C}.Release|Any CPU.ActiveCfg = Release|Any CPU
		{1FDE4A60-C841-4886-ABB1-CA00FBD8AB4C}.Release|Any CPU.Build.0 = Release|Any CPU
		{7793C566-86D9-478E-9184-F7E0F66D946F}.Debug|Any CPU.ActiveCfg = Debug|Any CPU
		{7793C566-86D9-478E-9184-F7E0F66D946F}.Debug|Any CPU.Build.0 = Debug|Any CPU
		{7793C566-86D9-478E-9184-F7E0F66D946F}.Release|Any CPU.ActiveCfg = Release|Any CPU
		{7793C566-86D9-478E-9184-F7E0F66D946F}.Release|Any CPU.Build.0 = Release|Any CPU
		{DBC30E7C-6D4D-45E4-BB22-CFBEF64CBC53}.Debug|Any CPU.ActiveCfg = Debug|Any CPU
		{DBC30E7C-6D4D-45E4-BB22-CFBEF64CBC53}.Debug|Any CPU.Build.0 = Debug|Any CPU
		{DBC30E7C-6D4D-45E4-BB22-CFBEF64CBC53}.Release|Any CPU.ActiveCfg = Release|Any CPU
		{DBC30E7C-6D4D-45E4-BB22-CFBEF64CBC53}.Release|Any CPU.Build.0 = Release|Any CPU
	EndGlobalSection
	GlobalSection(SolutionProperties) = preSolution
		HideSolutionNode = FALSE
	EndGlobalSection
	GlobalSection(NestedProjects) = preSolution
		{9695AF00-3B01-49CC-B5A3-0F56B07A72CC} = {02EA681E-C7D8-13C7-8484-4AC65E1B71E8}
		{1FDE4A60-C841-4886-ABB1-CA00FBD8AB4C} = {02EA681E-C7D8-13C7-8484-4AC65E1B71E8}
		{7793C566-86D9-478E-9184-F7E0F66D946F} = {02EA681E-C7D8-13C7-8484-4AC65E1B71E8}
		{DBC30E7C-6D4D-45E4-BB22-CFBEF64CBC53} = {02EA681E-C7D8-13C7-8484-4AC65E1B71E8}
	EndGlobalSection
	GlobalSection(ExtensibilityGlobals) = postSolution
		SolutionGuid = {5780CCD2-2114-4049-89A1-6B7CF5C8CF5E}
	EndGlobalSection
EndGlobal
